
Microsoft Visual Studio Solution File, Format Version 12.00
# Visual Studio Version 17
VisualStudioVersion = 17.3.32901.215
MinimumVisualStudioVersion = 10.0.40219.1
Project("{9A19103F-16F7-4668-BE54-9A1E7A4F7556}") = "Point Adjust Robot", "Point Adjust Robot\Point Adjust Robot.csproj", "{26FDB209-A1DE-4A07-B816-DF645140635C}"
EndProject
Project("{54A90642-561A-4BB1-A94E-469ADEE60C69}") = "frontapp", "FrontApp\frontapp.esproj", "{A729BBEF-8A29-41AF-8BAB-468B868655DF}"
EndProject
Project("{9A19103F-16F7-4668-BE54-9A1E7A4F7556}") = "Tests", "Tests\Tests.csproj", "{FE40FFD1-1E2F-41B7-BDD7-62C1725603F8}"
EndProject
Project("{9A19103F-16F7-4668-BE54-9A1E7A4F7556}") = "Repository", "Repository\Repository.csproj", "{B5E55D1F-627A-4A39-A4C0-700942F41DF9}"
EndProject
Global
	GlobalSection(SolutionConfigurationPlatforms) = preSolution
		Debug|Any CPU = Debug|Any CPU
		Release|Any CPU = Release|Any CPU
	EndGlobalSection
	GlobalSection(ProjectConfigurationPlatforms) = postSolution
		{26FDB209-A1DE-4A07-B816-DF645140635C}.Debug|Any CPU.ActiveCfg = Debug|Any CPU
		{26FDB209-A1DE-4A07-B816-DF645140635C}.Debug|Any CPU.Build.0 = Debug|Any CPU
		{26FDB209-A1DE-4A07-B816-DF645140635C}.Release|Any CPU.ActiveCfg = Release|Any CPU
		{26FDB209-A1DE-4A07-B816-DF645140635C}.Release|Any CPU.Build.0 = Release|Any CPU
		{A729BBEF-8A29-41AF-8BAB-468B868655DF}.Debug|Any CPU.ActiveCfg = Debug|Any CPU
		{A729BBEF-8A29-41AF-8BAB-468B868655DF}.Debug|Any CPU.Build.0 = Debug|Any CPU
		{A729BBEF-8A29-41AF-8BAB-468B868655DF}.Debug|Any CPU.Deploy.0 = Debug|Any CPU
		{A729BBEF-8A29-41AF-8BAB-468B868655DF}.Release|Any CPU.ActiveCfg = Release|Any CPU
		{A729BBEF-8A29-41AF-8BAB-468B868655DF}.Release|Any CPU.Build.0 = Release|Any CPU
		{A729BBEF-8A29-41AF-8BAB-468B868655DF}.Release|Any CPU.Deploy.0 = Release|Any CPU
		{FE40FFD1-1E2F-41B7-BDD7-62C1725603F8}.Debug|Any CPU.ActiveCfg = Debug|Any CPU
		{FE40FFD1-1E2F-41B7-BDD7-62C1725603F8}.Debug|Any CPU.Build.0 = Debug|Any CPU
		{FE40FFD1-1E2F-41B7-BDD7-62C1725603F8}.Release|Any CPU.ActiveCfg = Release|Any CPU
		{FE40FFD1-1E2F-41B7-BDD7-62C1725603F8}.Release|Any CPU.Build.0 = Release|Any CPU
		{B5E55D1F-627A-4A39-A4C0-700942F41DF9}.Debug|Any CPU.ActiveCfg = Debug|Any CPU
		{B5E55D1F-627A-4A39-A4C0-700942F41DF9}.Debug|Any CPU.Build.0 = Debug|Any CPU
		{B5E55D1F-627A-4A39-A4C0-700942F41DF9}.Release|Any CPU.ActiveCfg = Release|Any CPU
		{B5E55D1F-627A-4A39-A4C0-700942F41DF9}.Release|Any CPU.Build.0 = Release|Any CPU
	EndGlobalSection
	GlobalSection(SolutionProperties) = preSolution
		HideSolutionNode = FALSE
	EndGlobalSection
	GlobalSection(ExtensibilityGlobals) = postSolution
		SolutionGuid = {D9730891-5B1F-4B86-8644-616BD9ED3244}
	EndGlobalSection
EndGlobal
